
Microsoft Visual Studio Solution File, Format Version 12.00
# Visual Studio Version 16
VisualStudioVersion = 16.0.28729.10
MinimumVisualStudioVersion = 10.0.40219.1
Project("{F184B08F-C81C-45F6-A57F-5ABD9991F28F}") = "Healthcare Dashboard", "Healthcare Dashboard.vbproj", "{D866E3E8-EEFE-4013-94D4-C26F9E9D40CC}"
EndProject
Global
	GlobalSection(SolutionConfigurationPlatforms) = preSolution
		Debug|Any CPU = Debug|Any CPU
		Release|Any CPU = Release|Any CPU
	EndGlobalSection
	GlobalSection(ProjectConfigurationPlatforms) = postSolution
		{D866E3E8-EEFE-4013-94D4-C26F9E9D40CC}.Debug|Any CPU.ActiveCfg = Debug|Any CPU
		{D866E3E8-EEFE-4013-94D4-C26F9E9D40CC}.Debug|Any CPU.Build.0 = Debug|Any CPU
		{D866E3E8-EEFE-4013-94D4-C26F9E9D40CC}.Release|Any CPU.ActiveCfg = Release|Any CPU
		{D866E3E8-EEFE-4013-94D4-C26F9E9D40CC}.Release|Any CPU.Build.0 = Release|Any CPU
	EndGlobalSection
	GlobalSection(SolutionProperties) = preSolution
		HideSolutionNode = FALSE
	EndGlobalSection
	GlobalSection(ExtensibilityGlobals) = postSolution
		SolutionGuid = {EE20796E-FCDC-490D-A840-0E1EBBE833F2}
	EndGlobalSection
EndGlobal
